
Microsoft Visual Studio Solution File, Format Version 12.00
# Visual Studio Version 17
VisualStudioVersion = 17.7.34024.191
MinimumVisualStudioVersion = 10.0.40219.1
Project("{8BC9CEB8-8B4A-11D0-8D11-00A0C91BC942}") = "TaskTiger", "TaskTiger\TaskTiger.vcxproj", "{CBA77F66-31BC-4F06-9078-0E51374B7B51}"
EndProject
Project("{8BC9CEB8-8B4A-11D0-8D11-00A0C91BC942}") = "ADT_Testing", "ADT_Testing\ADT_Testing.vcxproj", "{15EF73B8-777C-46F3-B37B-1E88E761355A}"
	ProjectSection(ProjectDependencies) = postProject
		{CBA77F66-31BC-4F06-9078-0E51374B7B51} = {CBA77F66-31BC-4F06-9078-0E51374B7B51}
	EndProjectSection
EndProject
Project("{8BC9CEB8-8B4A-11D0-8D11-00A0C91BC942}") = "UtilTesting", "UtilTesting\UtilTesting.vcxproj", "{6D6C0BCA-3640-4E58-9280-7B4A45722921}"
	ProjectSection(ProjectDependencies) = postProject
		{CBA77F66-31BC-4F06-9078-0E51374B7B51} = {CBA77F66-31BC-4F06-9078-0E51374B7B51}
	EndProjectSection
EndProject
Project("{8BC9CEB8-8B4A-11D0-8D11-00A0C91BC942}") = "API_Testing", "API_Testing\API_Testing.vcxproj", "{B3164F6F-A2C0-46A3-AE54-535A399FD225}"
	ProjectSection(ProjectDependencies) = postProject
		{CBA77F66-31BC-4F06-9078-0E51374B7B51} = {CBA77F66-31BC-4F06-9078-0E51374B7B51}
	EndProjectSection
EndProject
Project("{8BC9CEB8-8B4A-11D0-8D11-00A0C91BC942}") = "UI_Testing", "UI_Testing\UI_Testing.vcxproj", "{B4881CA8-FA3B-4A30-98A2-9C74E111D103}"
	ProjectSection(ProjectDependencies) = postProject
		{CBA77F66-31BC-4F06-9078-0E51374B7B51} = {CBA77F66-31BC-4F06-9078-0E51374B7B51}
	EndProjectSection
EndProject
Global
	GlobalSection(SolutionConfigurationPlatforms) = preSolution
		Debug|x64 = Debug|x64
		Debug|x86 = Debug|x86
		Release|x64 = Release|x64
		Release|x86 = Release|x86
	EndGlobalSection
	GlobalSection(ProjectConfigurationPlatforms) = postSolution
		{CBA77F66-31BC-4F06-9078-0E51374B7B51}.Debug|x64.ActiveCfg = Debug|x64
		{CBA77F66-31BC-4F06-9078-0E51374B7B51}.Debug|x64.Build.0 = Debug|x64
		{CBA77F66-31BC-4F06-9078-0E51374B7B51}.Debug|x86.ActiveCfg = Debug|Win32
		{CBA77F66-31BC-4F06-9078-0E51374B7B51}.Debug|x86.Build.0 = Debug|Win32
		{CBA77F66-31BC-4F06-9078-0E51374B7B51}.Release|x64.ActiveCfg = Release|x64
		{CBA77F66-31BC-4F06-9078-0E51374B7B51}.Release|x64.Build.0 = Release|x64
		{CBA77F66-31BC-4F06-9078-0E51374B7B51}.Release|x86.ActiveCfg = Release|Win32
		{CBA77F66-31BC-4F06-9078-0E51374B7B51}.Release|x86.Build.0 = Release|Win32
		{15EF73B8-777C-46F3-B37B-1E88E761355A}.Debug|x64.ActiveCfg = Debug|x64
		{15EF73B8-777C-46F3-B37B-1E88E761355A}.Debug|x64.Build.0 = Debug|x64
		{15EF73B8-777C-46F3-B37B-1E88E761355A}.Debug|x86.ActiveCfg = Debug|Win32
		{15EF73B8-777C-46F3-B37B-1E88E761355A}.Debug|x86.Build.0 = Debug|Win32
		{15EF73B8-777C-46F3-B37B-1E88E761355A}.Release|x64.ActiveCfg = Release|x64
		{15EF73B8-777C-46F3-B37B-1E88E761355A}.Release|x64.Build.0 = Release|x64
		{15EF73B8-777C-46F3-B37B-1E88E761355A}.Release|x86.ActiveCfg = Release|Win32
		{15EF73B8-777C-46F3-B37B-1E88E761355A}.Release|x86.Build.0 = Release|Win32
		{6D6C0BCA-3640-4E58-9280-7B4A45722921}.Debug|x64.ActiveCfg = Debug|x64
		{6D6C0BCA-3640-4E58-9280-7B4A45722921}.Debug|x64.Build.0 = Debug|x64
		{6D6C0BCA-3640-4E58-9280-7B4A45722921}.Debug|x86.ActiveCfg = Debug|Win32
		{6D6C0BCA-3640-4E58-9280-7B4A45722921}.Debug|x86.Build.0 = Debug|Win32
		{6D6C0BCA-3640-4E58-9280-7B4A45722921}.Release|x64.ActiveCfg = Release|x64
		{6D6C0BCA-3640-4E58-9280-7B4A45722921}.Release|x64.Build.0 = Release|x64
		{6D6C0BCA-3640-4E58-9280-7B4A45722921}.Release|x86.ActiveCfg = Release|Win32
		{6D6C0BCA-3640-4E58-9280-7B4A45722921}.Release|x86.Build.0 = Release|Win32
		{B3164F6F-A2C0-46A3-AE54-535A399FD225}.Debug|x64.ActiveCfg = Debug|x64
		{B3164F6F-A2C0-46A3-AE54-535A399FD225}.Debug|x64.Build.0 = Debug|x64
		{B3164F6F-A2C0-46A3-AE54-535A399FD225}.Debug|x86.ActiveCfg = Debug|Win32
		{B3164F6F-A2C0-46A3-AE54-535A399FD225}.Debug|x86.Build.0 = Debug|Win32
		{B3164F6F-A2C0-46A3-AE54-535A399FD225}.Release|x64.ActiveCfg = Release|x64
		{B3164F6F-A2C0-46A3-AE54-535A399FD225}.Release|x64.Build.0 = Release|x64
		{B3164F6F-A2C0-46A3-AE54-535A399FD225}.Release|x86.ActiveCfg = Release|Win32
		{B3164F6F-A2C0-46A3-AE54-535A399FD225}.Release|x86.Build.0 = Release|Win32
		{B4881CA8-FA3B-4A30-98A2-9C74E111D103}.Debug|x64.ActiveCfg = Debug|x64
		{B4881CA8-FA3B-4A30-98A2-9C74E111D103}.Debug|x64.Build.0 = Debug|x64
		{B4881CA8-FA3B-4A30-98A2-9C74E111D103}.Debug|x86.ActiveCfg = Debug|Win32
		{B4881CA8-FA3B-4A30-98A2-9C74E111D103}.Debug|x86.Build.0 = Debug|Win32
		{B4881CA8-FA3B-4A30-98A2-9C74E111D103}.Release|x64.ActiveCfg = Release|x64
		{B4881CA8-FA3B-4A30-98A2-9C74E111D103}.Release|x64.Build.0 = Release|x64
		{B4881CA8-FA3B-4A30-98A2-9C74E111D103}.Release|x86.ActiveCfg = Release|Win32
		{B4881CA8-FA3B-4A30-98A2-9C74E111D103}.Release|x86.Build.0 = Release|Win32
	EndGlobalSection
	GlobalSection(SolutionProperties) = preSolution
		HideSolutionNode = FALSE
	EndGlobalSection
	GlobalSection(ExtensibilityGlobals) = postSolution
		SolutionGuid = {24EDA164-CE71-468C-A191-9416D4C4F400}
	EndGlobalSection
EndGlobal
