<?xml version="1.0" encoding="utf-8"?>
<Project ToolsVersion="4.0" xmlns="http://schemas.microsoft.com/developer/msbuild/2003">
  <ItemGroup>
    <Filter Include="Source Files">
      <UniqueIdentifier>{4FC737F1-C7A5-4376-A066-2A32D752A2FF}</UniqueIdentifier>
      <Extensions>cpp;c;cc;cxx;c++;cppm;ixx;def;odl;idl;hpj;bat;asm;asmx</Extensions>
    </Filter>
    <Filter Include="Header Files">
      <UniqueIdentifier>{93995380-89BD-4b04-88EB-625FBE52EBFB}</UniqueIdentifier>
      <Extensions>h;hh;hpp;hxx;h++;hm;inl;inc;ipp;xsd</Extensions>
    </Filter>
    <Filter Include="Resource Files">
      <UniqueIdentifier>{67DA6AB6-F800-4c08-8B7A-83BB121AAD01}</UniqueIdentifier>
      <Extensions>rc;ico;cur;bmp;dlg;rc2;rct;bin;rgs;gif;jpg;jpeg;jpe;resx;tiff;tif;png;wav;mfcribbon-ms</Extensions>
    </Filter>
    <Filter Include="Source Files\ADTs">
      <UniqueIdentifier>{c8f21f3b-04cd-44d6-93bb-d6c6b0407050}</UniqueIdentifier>
    </Filter>
    <Filter Include="Header Files\ADTs">
      <UniqueIdentifier>{dd95174c-4746-4a2a-85c7-1bedd932f71f}</UniqueIdentifier>
    </Filter>
    <Filter Include="Header Files\Utils">
      <UniqueIdentifier>{9824dc19-60b6-4f4d-a7ef-2d1e08c90b57}</UniqueIdentifier>
    </Filter>
    <Filter Include="Source Files\Utils">
      <UniqueIdentifier>{4302e583-0a94-4542-8a2d-9dcd88af4089}</UniqueIdentifier>
    </Filter>
    <Filter Include="Header Files\API">
      <UniqueIdentifier>{90ad8827-5056-443f-a282-290991478fa1}</UniqueIdentifier>
    </Filter>
    <Filter Include="Source Files\API">
      <UniqueIdentifier>{2f305b9e-0fb6-40d6-a0be-bbee66649fca}</UniqueIdentifier>
    </Filter>
    <Filter Include="Header Files\UI">
      <UniqueIdentifier>{099d0454-9ce4-4aaa-bedb-39a3b19e5dd2}</UniqueIdentifier>
    </Filter>
    <Filter Include="Source Files\UI">
      <UniqueIdentifier>{d65a0542-ce40-4666-b28f-bb7adf1e0515}</UniqueIdentifier>
    </Filter>
  </ItemGroup>
  <ItemGroup>
    <ClCompile Include="main.c">
      <Filter>Source Files</Filter>
    </ClCompile>
    <ClCompile Include="task.c">
      <Filter>Source Files\ADTs</Filter>
    </ClCompile>
    <ClCompile Include="folder.c">
      <Filter>Source Files\ADTs</Filter>
    </ClCompile>
    <ClCompile Include="list.c">
      <Filter>Source Files\ADTs</Filter>
    </ClCompile>
    <ClCompile Include="user.c">
      <Filter>Source Files\ADTs</Filter>
    </ClCompile>
    <ClCompile Include="input_handler.c">
      <Filter>Source Files\Utils</Filter>
    </ClCompile>
    <ClCompile Include="string_utils.c">
      <Filter>Source Files\Utils</Filter>
    </ClCompile>
    <ClCompile Include="date.c">
      <Filter>Source Files\ADTs</Filter>
    </ClCompile>
    <ClCompile Include="encryption.c">
      <Filter>Source Files\Utils</Filter>
    </ClCompile>
    <ClCompile Include="folder_list.c">
      <Filter>Source Files\ADTs</Filter>
    </ClCompile>
  </ItemGroup>
  <ItemGroup>
    <ClInclude Include="task.h">
      <Filter>Header Files\ADTs</Filter>
    </ClInclude>
    <ClInclude Include="folder.h">
      <Filter>Header Files\ADTs</Filter>
    </ClInclude>
    <ClInclude Include="list.h">
      <Filter>Header Files\ADTs</Filter>
    </ClInclude>
    <ClInclude Include="user.h">
      <Filter>Header Files\ADTs</Filter>
    </ClInclude>
    <ClInclude Include="input_handler.h">
      <Filter>Header Files\Utils</Filter>
    </ClInclude>
    <ClInclude Include="string_utils.h">
      <Filter>Header Files\Utils</Filter>
    </ClInclude>
    <ClInclude Include="list_api.h">
      <Filter>Header Files\API</Filter>
    </ClInclude>
    <ClInclude Include="main_menu.h">
      <Filter>Header Files\UI</Filter>
    </ClInclude>
    <ClInclude Include="date.h">
      <Filter>Header Files\ADTs</Filter>
    </ClInclude>
    <ClInclude Include="folder_list.h">
      <Filter>Header Files\ADTs</Filter>
    </ClInclude>
    <ClInclude Include="encryption.h">
      <Filter>Header Files\Utils</Filter>
    </ClInclude>
  </ItemGroup>
</Project>